
Microsoft Visual Studio Solution File, Format Version 12.00
# Visual Studio 15
VisualStudioVersion = 15.0.27703.2035
MinimumVisualStudioVersion = 10.0.40219.1
Project("{FAE04EC0-301F-11D3-BF4B-00C04F79EFBC}") = "MagKiller.App", "MagKiller.App\MagKiller.App.csproj", "{04D5402A-57A0-4E26-801A-8196994674DA}"
EndProject
Global
	GlobalSection(SolutionConfigurationPlatforms) = preSolution
		Debug|Any CPU = Debug|Any CPU
		Release|Any CPU = Release|Any CPU
	EndGlobalSection
	GlobalSection(ProjectConfigurationPlatforms) = postSolution
		{04D5402A-57A0-4E26-801A-8196994674DA}.Debug|Any CPU.ActiveCfg = Debug|Any CPU
		{04D5402A-57A0-4E26-801A-8196994674DA}.Debug|Any CPU.Build.0 = Debug|Any CPU
		{04D5402A-57A0-4E26-801A-8196994674DA}.Release|Any CPU.ActiveCfg = Release|Any CPU
		{04D5402A-57A0-4E26-801A-8196994674DA}.Release|Any CPU.Build.0 = Release|Any CPU
	EndGlobalSection
	GlobalSection(SolutionProperties) = preSolution
		HideSolutionNode = FALSE
	EndGlobalSection
	GlobalSection(ExtensibilityGlobals) = postSolution
		SolutionGuid = {63BDA2D5-6516-44F3-8512-68D6CF76487B}
	EndGlobalSection
EndGlobal
